{
  "originHash" : "62714b0994ea5d5bd8bc49df1eaf4cf4849fbf60ca33287961b5c7c5c77da75b",
  "pins" : [
    {
      "identity" : "alamofire",
      "kind" : "remoteSourceControl",
      "location" : "https://github.com/Alamofire/Alamofire.git",
      "state" : {
        "revision" : "f455c2975872ccd2d9c81594c658af65716e9b9a",
        "version" : "5.9.1"
      }
    },
    {
      "identity" : "swift-protobuf-binaries",
      "kind" : "remoteSourceControl",
      "location" : "https://github.com/tangem/swift-protobuf-binaries.git",
      "state" : {
        "revision" : "de30521530591d98be12133724e3d78bc0524e41",
        "version" : "1.25.2-tangem1"
      }
    },
    {
      "identity" : "swiftdate",
      "kind" : "remoteSourceControl",
      "location" : "https://github.com/malcommac/SwiftDate",
      "state" : {
        "revision" : "5d943224c3bb173e6ecf27295611615eba90c80e",
        "version" : "7.0.0"
      }
    },
    {
      "identity" : "swiftyjson",
      "kind" : "remoteSourceControl",
      "location" : "https://github.com/tangem/SwiftyJSON.git",
      "state" : {
        "revision" : "acff55ab1a8b138a49477ff523287b18833fc1a0",
        "version" : "5.0.1-tangem1"
      }
    }
  ],
  "version" : 3
}
