{
  "originHash" : "9abb0757a9036025b08c74c743a6ac46c315af7ff4bf8bb142edbc0dc7bf11b3",
  "pins" : [
    {
      "identity" : "alamofire",
      "kind" : "remoteSourceControl",
      "location" : "https://github.com/Alamofire/Alamofire.git",
      "state" : {
        "revision" : "f455c2975872ccd2d9c81594c658af65716e9b9a",
        "version" : "5.9.1"
      }
    },
    {
      "identity" : "swift-protobuf-binaries",
      "kind" : "remoteSourceControl",
      "location" : "https://github.com/tangem/swift-protobuf-binaries.git",
      "state" : {
        "revision" : "594a9b8c47df13087ee0a1f25dbc64173604d0e9",
        "version" : "1.25.2-tangem3"
      }
    },
    {
      "identity" : "swiftdate",
      "kind" : "remoteSourceControl",
      "location" : "https://github.com/malcommac/SwiftDate",
      "state" : {
        "revision" : "5d943224c3bb173e6ecf27295611615eba90c80e",
        "version" : "7.0.0"
      }
    },
    {
      "identity" : "swiftyjson",
      "kind" : "remoteSourceControl",
      "location" : "https://github.com/tangem/SwiftyJSON.git",
      "state" : {
        "revision" : "acff55ab1a8b138a49477ff523287b18833fc1a0",
        "version" : "5.0.1-tangem1"
      }
    }
  ],
  "version" : 3
}
