// !$*UTF8*$!
{
	archiveVersion = 1;
	classes = {
	};
	objectVersion = 54;
	objects = {

/* Begin PBXBuildFile section */
		319D4695225B4A0500C60E66 /* AppDelegate.swift in Sources */ = {isa = PBXBuildFile; fileRef = 319D4694225B4A0500C60E66 /* AppDelegate.swift */; };
		319D4697225B4A0500C60E66 /* ViewController.swift in Sources */ = {isa = PBXBuildFile; fileRef = 319D4696225B4A0500C60E66 /* ViewController.swift */; };
		319D469A225B4A0500C60E66 /* Main.storyboard in Resources */ = {isa = PBXBuildFile; fileRef = 319D4698225B4A0500C60E66 /* Main.storyboard */; };
		319D469C225B4A0600C60E66 /* Assets.xcassets in Resources */ = {isa = PBXBuildFile; fileRef = 319D469B225B4A0600C60E66 /* Assets.xcassets */; };
		319D469F225B4A0600C60E66 /* LaunchScreen.storyboard in Resources */ = {isa = PBXBuildFile; fileRef = 319D469D225B4A0600C60E66 /* LaunchScreen.storyboard */; };
		713C173A80D718F630956FB7 /* Pods_Mobile.framework in Frameworks */ = {isa = PBXBuildFile; fileRef = 20ACB07F7905907A055662F8 /* Pods_Mobile.framework */; };
/* End PBXBuildFile section */

/* Begin PBXFileReference section */
		20ACB07F7905907A055662F8 /* Pods_Mobile.framework */ = {isa = PBXFileReference; explicitFileType = wrapper.framework; includeInIndex = 0; path = Pods_Mobile.framework; sourceTree = BUILT_PRODUCTS_DIR; };
		319D4691225B4A0500C60E66 /* Mobile.app */ = {isa = PBXFileReference; explicitFileType = wrapper.application; includeInIndex = 0; path = Mobile.app; sourceTree = BUILT_PRODUCTS_DIR; };
		319D4694225B4A0500C60E66 /* AppDelegate.swift */ = {isa = PBXFileReference; lastKnownFileType = sourcecode.swift; path = AppDelegate.swift; sourceTree = "<group>"; };
		319D4696225B4A0500C60E66 /* ViewController.swift */ = {isa = PBXFileReference; lastKnownFileType = sourcecode.swift; path = ViewController.swift; sourceTree = "<group>"; };
		319D4699225B4A0500C60E66 /* Base */ = {isa = PBXFileReference; lastKnownFileType = file.storyboard; name = Base; path = Base.lproj/Main.storyboard; sourceTree = "<group>"; };
		319D469B225B4A0600C60E66 /* Assets.xcassets */ = {isa = PBXFileReference; lastKnownFileType = folder.assetcatalog; path = Assets.xcassets; sourceTree = "<group>"; };
		319D469E225B4A0600C60E66 /* Base */ = {isa = PBXFileReference; lastKnownFileType = file.storyboard; name = Base; path = Base.lproj/LaunchScreen.storyboard; sourceTree = "<group>"; };
		319D46A0225B4A0600C60E66 /* Info.plist */ = {isa = PBXFileReference; lastKnownFileType = text.plist.xml; path = Info.plist; sourceTree = "<group>"; };
		31BCB691225B5ABA008B5F58 /* AppDelegate.swift */ = {isa = PBXFileReference; lastKnownFileType = sourcecode.swift; path = AppDelegate.swift; sourceTree = "<group>"; };
		31BCB693225B5ABA008B5F58 /* ViewController.swift */ = {isa = PBXFileReference; lastKnownFileType = sourcecode.swift; path = ViewController.swift; sourceTree = "<group>"; };
		31BCB695225B5ABB008B5F58 /* Assets.xcassets */ = {isa = PBXFileReference; lastKnownFileType = folder.assetcatalog; path = Assets.xcassets; sourceTree = "<group>"; };
		31BCB698225B5ABB008B5F58 /* Base */ = {isa = PBXFileReference; lastKnownFileType = file.storyboard; name = Base; path = Base.lproj/Main.storyboard; sourceTree = "<group>"; };
		31BCB69A225B5ABB008B5F58 /* Info.plist */ = {isa = PBXFileReference; lastKnownFileType = text.plist.xml; path = Info.plist; sourceTree = "<group>"; };
		31BCB69B225B5ABB008B5F58 /* Desktop.entitlements */ = {isa = PBXFileReference; lastKnownFileType = text.plist.entitlements; path = Desktop.entitlements; sourceTree = "<group>"; };
		31BCB6A1225B5CC2008B5F58 /* Targets */ = {isa = PBXFileReference; lastKnownFileType = folder; path = Targets; sourceTree = "<group>"; };
		5CFB9A5C6E6A90B0059E4362 /* Pods-Mobile.release.xcconfig */ = {isa = PBXFileReference; includeInIndex = 1; lastKnownFileType = text.xcconfig; name = "Pods-Mobile.release.xcconfig"; path = "Target Support Files/Pods-Mobile/Pods-Mobile.release.xcconfig"; sourceTree = "<group>"; };
		6B40930A9B72216891EFE2D7 /* Pods-Mobile.debug.xcconfig */ = {isa = PBXFileReference; includeInIndex = 1; lastKnownFileType = text.xcconfig; name = "Pods-Mobile.debug.xcconfig"; path = "Target Support Files/Pods-Mobile/Pods-Mobile.debug.xcconfig"; sourceTree = "<group>"; };
/* End PBXFileReference section */

/* Begin PBXFrameworksBuildPhase section */
		319D468E225B4A0500C60E66 /* Frameworks */ = {
			isa = PBXFrameworksBuildPhase;
			buildActionMask = 2147483647;
			files = (
				713C173A80D718F630956FB7 /* Pods_Mobile.framework in Frameworks */,
			);
			runOnlyForDeploymentPostprocessing = 0;
		};
/* End PBXFrameworksBuildPhase section */

/* Begin PBXGroup section */
		0F540D47F7FD7AF179F2935B /* Frameworks */ = {
			isa = PBXGroup;
			children = (
				31BCB6A1225B5CC2008B5F58 /* Targets */,
				20ACB07F7905907A055662F8 /* Pods_Mobile.framework */,
			);
			name = Frameworks;
			sourceTree = "<group>";
		};
		319D4688225B4A0500C60E66 = {
			isa = PBXGroup;
			children = (
				31BCB6A2225B5CCF008B5F58 /* Targets */,
				319D4692225B4A0500C60E66 /* Products */,
				9A8D6B95C9B7E266B534DFEA /* Pods */,
				0F540D47F7FD7AF179F2935B /* Frameworks */,
			);
			sourceTree = "<group>";
		};
		319D4692225B4A0500C60E66 /* Products */ = {
			isa = PBXGroup;
			children = (
				319D4691225B4A0500C60E66 /* Mobile.app */,
			);
			name = Products;
			sourceTree = "<group>";
		};
		319D4693225B4A0500C60E66 /* Mobile */ = {
			isa = PBXGroup;
			children = (
				319D4694225B4A0500C60E66 /* AppDelegate.swift */,
				319D4696225B4A0500C60E66 /* ViewController.swift */,
				319D4698225B4A0500C60E66 /* Main.storyboard */,
				319D469B225B4A0600C60E66 /* Assets.xcassets */,
				319D469D225B4A0600C60E66 /* LaunchScreen.storyboard */,
				319D46A0225B4A0600C60E66 /* Info.plist */,
			);
			path = Mobile;
			sourceTree = "<group>";
		};
		31BCB690225B5ABA008B5F58 /* Desktop */ = {
			isa = PBXGroup;
			children = (
				31BCB691225B5ABA008B5F58 /* AppDelegate.swift */,
				31BCB693225B5ABA008B5F58 /* ViewController.swift */,
				31BCB695225B5ABB008B5F58 /* Assets.xcassets */,
				31BCB697225B5ABB008B5F58 /* Main.storyboard */,
				31BCB69A225B5ABB008B5F58 /* Info.plist */,
				31BCB69B225B5ABB008B5F58 /* Desktop.entitlements */,
			);
			path = Desktop;
			sourceTree = "<group>";
		};
		31BCB6A2225B5CCF008B5F58 /* Targets */ = {
			isa = PBXGroup;
			children = (
				319D4693225B4A0500C60E66 /* Mobile */,
				31BCB690225B5ABA008B5F58 /* Desktop */,
			);
			path = Targets;
			sourceTree = "<group>";
		};
		9A8D6B95C9B7E266B534DFEA /* Pods */ = {
			isa = PBXGroup;
			children = (
				6B40930A9B72216891EFE2D7 /* Pods-Mobile.debug.xcconfig */,
				5CFB9A5C6E6A90B0059E4362 /* Pods-Mobile.release.xcconfig */,
			);
			path = Pods;
			sourceTree = "<group>";
		};
/* End PBXGroup section */

/* Begin PBXNativeTarget section */
		319D4690225B4A0500C60E66 /* Mobile */ = {
			isa = PBXNativeTarget;
			buildConfigurationList = 319D46A3225B4A0600C60E66 /* Build configuration list for PBXNativeTarget "Mobile" */;
			buildPhases = (
				415E541BB3CB2E5025FD4C64 /* [CP] Check Pods Manifest.lock */,
				319D468D225B4A0500C60E66 /* Sources */,
				319D468E225B4A0500C60E66 /* Frameworks */,
				319D468F225B4A0500C60E66 /* Resources */,
				157CDAF12B2AD061169A769E /* [CP] Embed Pods Frameworks */,
			);
			buildRules = (
			);
			dependencies = (
			);
			name = Mobile;
			productName = BinanceChain;
			productReference = 319D4691225B4A0500C60E66 /* Mobile.app */;
			productType = "com.apple.product-type.application";
		};
/* End PBXNativeTarget section */

/* Begin PBXProject section */
		319D4689225B4A0500C60E66 /* Project object */ = {
			isa = PBXProject;
			attributes = {
				LastSwiftUpdateCheck = 1020;
				LastUpgradeCheck = 1020;
				TargetAttributes = {
					319D4690225B4A0500C60E66 = {
						CreatedOnToolsVersion = 10.2;
					};
				};
			};
			buildConfigurationList = 319D468C225B4A0500C60E66 /* Build configuration list for PBXProject "BinanceChain" */;
			compatibilityVersion = "Xcode 9.3";
			developmentRegion = en;
			hasScannedForEncodings = 0;
			knownRegions = (
				en,
				Base,
			);
			mainGroup = 319D4688225B4A0500C60E66;
			productRefGroup = 319D4692225B4A0500C60E66 /* Products */;
			projectDirPath = "";
			projectRoot = "";
			targets = (
				319D4690225B4A0500C60E66 /* Mobile */,
			);
		};
/* End PBXProject section */

/* Begin PBXResourcesBuildPhase section */
		319D468F225B4A0500C60E66 /* Resources */ = {
			isa = PBXResourcesBuildPhase;
			buildActionMask = 2147483647;
			files = (
				319D469F225B4A0600C60E66 /* LaunchScreen.storyboard in Resources */,
				319D469C225B4A0600C60E66 /* Assets.xcassets in Resources */,
				319D469A225B4A0500C60E66 /* Main.storyboard in Resources */,
			);
			runOnlyForDeploymentPostprocessing = 0;
		};
/* End PBXResourcesBuildPhase section */

/* Begin PBXShellScriptBuildPhase section */
		157CDAF12B2AD061169A769E /* [CP] Embed Pods Frameworks */ = {
			isa = PBXShellScriptBuildPhase;
			buildActionMask = 2147483647;
			files = (
			);
			inputFileListPaths = (
				"${PODS_ROOT}/Target Support Files/Pods-Mobile/Pods-Mobile-frameworks-${CONFIGURATION}-input-files.xcfilelist",
			);
			name = "[CP] Embed Pods Frameworks";
			outputFileListPaths = (
				"${PODS_ROOT}/Target Support Files/Pods-Mobile/Pods-Mobile-frameworks-${CONFIGURATION}-output-files.xcfilelist",
			);
			runOnlyForDeploymentPostprocessing = 0;
			shellPath = /bin/sh;
			shellScript = "\"${PODS_ROOT}/Target Support Files/Pods-Mobile/Pods-Mobile-frameworks.sh\"\n";
			showEnvVarsInLog = 0;
		};
		415E541BB3CB2E5025FD4C64 /* [CP] Check Pods Manifest.lock */ = {
			isa = PBXShellScriptBuildPhase;
			buildActionMask = 2147483647;
			files = (
			);
			inputFileListPaths = (
			);
			inputPaths = (
				"${PODS_PODFILE_DIR_PATH}/Podfile.lock",
				"${PODS_ROOT}/Manifest.lock",
			);
			name = "[CP] Check Pods Manifest.lock";
			outputFileListPaths = (
			);
			outputPaths = (
				"$(DERIVED_FILE_DIR)/Pods-Mobile-checkManifestLockResult.txt",
			);
			runOnlyForDeploymentPostprocessing = 0;
			shellPath = /bin/sh;
			shellScript = "diff \"${PODS_PODFILE_DIR_PATH}/Podfile.lock\" \"${PODS_ROOT}/Manifest.lock\" > /dev/null\nif [ $? != 0 ] ; then\n    # print error to STDERR\n    echo \"error: The sandbox is not in sync with the Podfile.lock. Run 'pod install' or update your CocoaPods installation.\" >&2\n    exit 1\nfi\n# This output is used by Xcode 'outputs' to avoid re-running this script phase.\necho \"SUCCESS\" > \"${SCRIPT_OUTPUT_FILE_0}\"\n";
			showEnvVarsInLog = 0;
		};
/* End PBXShellScriptBuildPhase section */

/* Begin PBXSourcesBuildPhase section */
		319D468D225B4A0500C60E66 /* Sources */ = {
			isa = PBXSourcesBuildPhase;
			buildActionMask = 2147483647;
			files = (
				319D4697225B4A0500C60E66 /* ViewController.swift in Sources */,
				319D4695225B4A0500C60E66 /* AppDelegate.swift in Sources */,
			);
			runOnlyForDeploymentPostprocessing = 0;
		};
/* End PBXSourcesBuildPhase section */

/* Begin PBXVariantGroup section */
		319D4698225B4A0500C60E66 /* Main.storyboard */ = {
			isa = PBXVariantGroup;
			children = (
				319D4699225B4A0500C60E66 /* Base */,
			);
			name = Main.storyboard;
			sourceTree = "<group>";
		};
		319D469D225B4A0600C60E66 /* LaunchScreen.storyboard */ = {
			isa = PBXVariantGroup;
			children = (
				319D469E225B4A0600C60E66 /* Base */,
			);
			name = LaunchScreen.storyboard;
			sourceTree = "<group>";
		};
		31BCB697225B5ABB008B5F58 /* Main.storyboard */ = {
			isa = PBXVariantGroup;
			children = (
				31BCB698225B5ABB008B5F58 /* Base */,
			);
			name = Main.storyboard;
			sourceTree = "<group>";
		};
/* End PBXVariantGroup section */

/* Begin XCBuildConfiguration section */
		319D46A1225B4A0600C60E66 /* Debug */ = {
			isa = XCBuildConfiguration;
			buildSettings = {
				ALWAYS_SEARCH_USER_PATHS = NO;
				CLANG_ANALYZER_NONNULL = YES;
				CLANG_ANALYZER_NUMBER_OBJECT_CONVERSION = YES_AGGRESSIVE;
				CLANG_CXX_LANGUAGE_STANDARD = "gnu++14";
				CLANG_CXX_LIBRARY = "libc++";
				CLANG_ENABLE_MODULES = YES;
				CLANG_ENABLE_OBJC_ARC = YES;
				CLANG_ENABLE_OBJC_WEAK = YES;
				CLANG_WARN_BLOCK_CAPTURE_AUTORELEASING = YES;
				CLANG_WARN_BOOL_CONVERSION = YES;
				CLANG_WARN_COMMA = YES;
				CLANG_WARN_CONSTANT_CONVERSION = YES;
				CLANG_WARN_DEPRECATED_OBJC_IMPLEMENTATIONS = YES;
				CLANG_WARN_DIRECT_OBJC_ISA_USAGE = YES_ERROR;
				CLANG_WARN_DOCUMENTATION_COMMENTS = YES;
				CLANG_WARN_EMPTY_BODY = YES;
				CLANG_WARN_ENUM_CONVERSION = YES;
				CLANG_WARN_INFINITE_RECURSION = YES;
				CLANG_WARN_INT_CONVERSION = YES;
				CLANG_WARN_NON_LITERAL_NULL_CONVERSION = YES;
				CLANG_WARN_OBJC_IMPLICIT_RETAIN_SELF = YES;
				CLANG_WARN_OBJC_LITERAL_CONVERSION = YES;
				CLANG_WARN_OBJC_ROOT_CLASS = YES_ERROR;
				CLANG_WARN_RANGE_LOOP_ANALYSIS = YES;
				CLANG_WARN_STRICT_PROTOTYPES = YES;
				CLANG_WARN_SUSPICIOUS_MOVE = YES;
				CLANG_WARN_UNGUARDED_AVAILABILITY = YES_AGGRESSIVE;
				CLANG_WARN_UNREACHABLE_CODE = YES;
				CLANG_WARN__DUPLICATE_METHOD_MATCH = YES;
				CODE_SIGN_IDENTITY = "iPhone Developer";
				COPY_PHASE_STRIP = NO;
				DEBUG_INFORMATION_FORMAT = dwarf;
				ENABLE_STRICT_OBJC_MSGSEND = YES;
				ENABLE_TESTABILITY = YES;
				GCC_C_LANGUAGE_STANDARD = gnu11;
				GCC_DYNAMIC_NO_PIC = NO;
				GCC_NO_COMMON_BLOCKS = YES;
				GCC_OPTIMIZATION_LEVEL = 0;
				GCC_PREPROCESSOR_DEFINITIONS = (
					"DEBUG=1",
					"$(inherited)",
				);
				GCC_WARN_64_TO_32_BIT_CONVERSION = YES;
				GCC_WARN_ABOUT_RETURN_TYPE = YES_ERROR;
				GCC_WARN_UNDECLARED_SELECTOR = YES;
				GCC_WARN_UNINITIALIZED_AUTOS = YES_AGGRESSIVE;
				GCC_WARN_UNUSED_FUNCTION = YES;
				GCC_WARN_UNUSED_VARIABLE = YES;
				IPHONEOS_DEPLOYMENT_TARGET = 15.0;
				MACOSX_DEPLOYMENT_TARGET = 12.0;
				MTL_ENABLE_DEBUG_INFO = INCLUDE_SOURCE;
				MTL_FAST_MATH = YES;
				ONLY_ACTIVE_ARCH = YES;
				SDKROOT = iphoneos;
				SWIFT_ACTIVE_COMPILATION_CONDITIONS = DEBUG;
				SWIFT_OPTIMIZATION_LEVEL = "-Onone";
			};
			name = Debug;
		};
		319D46A2225B4A0600C60E66 /* Release */ = {
			isa = XCBuildConfiguration;
			buildSettings = {
				ALWAYS_SEARCH_USER_PATHS = NO;
				CLANG_ANALYZER_NONNULL = YES;
				CLANG_ANALYZER_NUMBER_OBJECT_CONVERSION = YES_AGGRESSIVE;
				CLANG_CXX_LANGUAGE_STANDARD = "gnu++14";
				CLANG_CXX_LIBRARY = "libc++";
				CLANG_ENABLE_MODULES = YES;
				CLANG_ENABLE_OBJC_ARC = YES;
				CLANG_ENABLE_OBJC_WEAK = YES;
				CLANG_WARN_BLOCK_CAPTURE_AUTORELEASING = YES;
				CLANG_WARN_BOOL_CONVERSION = YES;
				CLANG_WARN_COMMA = YES;
				CLANG_WARN_CONSTANT_CONVERSION = YES;
				CLANG_WARN_DEPRECATED_OBJC_IMPLEMENTATIONS = YES;
				CLANG_WARN_DIRECT_OBJC_ISA_USAGE = YES_ERROR;
				CLANG_WARN_DOCUMENTATION_COMMENTS = YES;
				CLANG_WARN_EMPTY_BODY = YES;
				CLANG_WARN_ENUM_CONVERSION = YES;
				CLANG_WARN_INFINITE_RECURSION = YES;
				CLANG_WARN_INT_CONVERSION = YES;
				CLANG_WARN_NON_LITERAL_NULL_CONVERSION = YES;
				CLANG_WARN_OBJC_IMPLICIT_RETAIN_SELF = YES;
				CLANG_WARN_OBJC_LITERAL_CONVERSION = YES;
				CLANG_WARN_OBJC_ROOT_CLASS = YES_ERROR;
				CLANG_WARN_RANGE_LOOP_ANALYSIS = YES;
				CLANG_WARN_STRICT_PROTOTYPES = YES;
				CLANG_WARN_SUSPICIOUS_MOVE = YES;
				CLANG_WARN_UNGUARDED_AVAILABILITY = YES_AGGRESSIVE;
				CLANG_WARN_UNREACHABLE_CODE = YES;
				CLANG_WARN__DUPLICATE_METHOD_MATCH = YES;
				CODE_SIGN_IDENTITY = "iPhone Developer";
				COPY_PHASE_STRIP = NO;
				DEBUG_INFORMATION_FORMAT = "dwarf-with-dsym";
				ENABLE_NS_ASSERTIONS = NO;
				ENABLE_STRICT_OBJC_MSGSEND = YES;
				GCC_C_LANGUAGE_STANDARD = gnu11;
				GCC_NO_COMMON_BLOCKS = YES;
				GCC_WARN_64_TO_32_BIT_CONVERSION = YES;
				GCC_WARN_ABOUT_RETURN_TYPE = YES_ERROR;
				GCC_WARN_UNDECLARED_SELECTOR = YES;
				GCC_WARN_UNINITIALIZED_AUTOS = YES_AGGRESSIVE;
				GCC_WARN_UNUSED_FUNCTION = YES;
				GCC_WARN_UNUSED_VARIABLE = YES;
				IPHONEOS_DEPLOYMENT_TARGET = 15.0;
				MACOSX_DEPLOYMENT_TARGET = 12.0;
				MTL_ENABLE_DEBUG_INFO = NO;
				MTL_FAST_MATH = YES;
				SDKROOT = iphoneos;
				SWIFT_COMPILATION_MODE = wholemodule;
				SWIFT_OPTIMIZATION_LEVEL = "-O";
				VALIDATE_PRODUCT = YES;
			};
			name = Release;
		};
		319D46A4225B4A0600C60E66 /* Debug */ = {
			isa = XCBuildConfiguration;
			baseConfigurationReference = 6B40930A9B72216891EFE2D7 /* Pods-Mobile.debug.xcconfig */;
			buildSettings = {
				ASSETCATALOG_COMPILER_APPICON_NAME = AppIcon;
				CODE_SIGN_STYLE = Automatic;
				INFOPLIST_FILE = Targets/Mobile/Info.plist;
				IPHONEOS_DEPLOYMENT_TARGET = 15.0;
				LD_RUNPATH_SEARCH_PATHS = (
					"$(inherited)",
					"@executable_path/Frameworks",
				);
				PRODUCT_BUNDLE_IDENTIFIER = org.binance.BinanceChain;
				PRODUCT_NAME = "$(TARGET_NAME)";
				SUPPORTED_PLATFORMS = "iphoneos iphonesimulator";
				SUPPORTS_MACCATALYST = NO;
				SUPPORTS_MAC_DESIGNED_FOR_IPHONE_IPAD = NO;
				SUPPORTS_XR_DESIGNED_FOR_IPHONE_IPAD = NO;
				SWIFT_VERSION = 5.0;
				TARGETED_DEVICE_FAMILY = 1;
			};
			name = Debug;
		};
		319D46A5225B4A0600C60E66 /* Release */ = {
			isa = XCBuildConfiguration;
			baseConfigurationReference = 5CFB9A5C6E6A90B0059E4362 /* Pods-Mobile.release.xcconfig */;
			buildSettings = {
				ASSETCATALOG_COMPILER_APPICON_NAME = AppIcon;
				CODE_SIGN_STYLE = Automatic;
				INFOPLIST_FILE = Targets/Mobile/Info.plist;
				IPHONEOS_DEPLOYMENT_TARGET = 15.0;
				LD_RUNPATH_SEARCH_PATHS = (
					"$(inherited)",
					"@executable_path/Frameworks",
				);
				PRODUCT_BUNDLE_IDENTIFIER = org.binance.BinanceChain;
				PRODUCT_NAME = "$(TARGET_NAME)";
				SUPPORTED_PLATFORMS = "iphoneos iphonesimulator";
				SUPPORTS_MACCATALYST = NO;
				SUPPORTS_MAC_DESIGNED_FOR_IPHONE_IPAD = NO;
				SUPPORTS_XR_DESIGNED_FOR_IPHONE_IPAD = NO;
				SWIFT_VERSION = 5.0;
				TARGETED_DEVICE_FAMILY = 1;
			};
			name = Release;
		};
/* End XCBuildConfiguration section */

/* Begin XCConfigurationList section */
		319D468C225B4A0500C60E66 /* Build configuration list for PBXProject "BinanceChain" */ = {
			isa = XCConfigurationList;
			buildConfigurations = (
				319D46A1225B4A0600C60E66 /* Debug */,
				319D46A2225B4A0600C60E66 /* Release */,
			);
			defaultConfigurationIsVisible = 0;
			defaultConfigurationName = Release;
		};
		319D46A3225B4A0600C60E66 /* Build configuration list for PBXNativeTarget "Mobile" */ = {
			isa = XCConfigurationList;
			buildConfigurations = (
				319D46A4225B4A0600C60E66 /* Debug */,
				319D46A5225B4A0600C60E66 /* Release */,
			);
			defaultConfigurationIsVisible = 0;
			defaultConfigurationName = Release;
		};
/* End XCConfigurationList section */
	};
	rootObject = 319D4689225B4A0500C60E66 /* Project object */;
}
